// !$*UTF8*$!
{
	archiveVersion = 1;
	classes = {
	};
	objectVersion = 56;
	objects = {

/* Begin PBXBuildFile section */
		4CD5C72029B7AA3900EAC701 /* Gaming_RLApp.swift in Sources */ = {isa = PBXBuildFile; fileRef = 4CD5C71F29B7AA3900EAC701 /* Gaming_RLApp.swift */; };
		4CD5C72229B7AA3900EAC701 /* ContentView.swift in Sources */ = {isa = PBXBuildFile; fileRef = 4CD5C72129B7AA3900EAC701 /* ContentView.swift */; };
		4CD5C72429B7AA3A00EAC701 /* Assets.xcassets in Resources */ = {isa = PBXBuildFile; fileRef = 4CD5C72329B7AA3A00EAC701 /* Assets.xcassets */; };
		4CD5C72829B7AA3A00EAC701 /* Preview Assets.xcassets in Resources */ = {isa = PBXBuildFile; fileRef = 4CD5C72729B7AA3A00EAC701 /* Preview Assets.xcassets */; };
		4CD5C73229B7AA3A00EAC701 /* Gaming_RLTests.swift in Sources */ = {isa = PBXBuildFile; fileRef = 4CD5C73129B7AA3A00EAC701 /* Gaming_RLTests.swift */; };
		4CD5C73C29B7AA3A00EAC701 /* Gaming_RLUITests.swift in Sources */ = {isa = PBXBuildFile; fileRef = 4CD5C73B29B7AA3A00EAC701 /* Gaming_RLUITests.swift */; };
		4CD5C73E29B7AA3A00EAC701 /* Gaming_RLUITestsLaunchTests.swift in Sources */ = {isa = PBXBuildFile; fileRef = 4CD5C73D29B7AA3A00EAC701 /* Gaming_RLUITestsLaunchTests.swift */; };
/* End PBXBuildFile section */

/* Begin PBXContainerItemProxy section */
		4CD5C72E29B7AA3A00EAC701 /* PBXContainerItemProxy */ = {
			isa = PBXContainerItemProxy;
			containerPortal = 4CD5C71429B7AA3900EAC701 /* Project object */;
			proxyType = 1;
			remoteGlobalIDString = 4CD5C71B29B7AA3900EAC701;
			remoteInfo = "Gaming RL";
		};
		4CD5C73829B7AA3A00EAC701 /* PBXContainerItemProxy */ = {
			isa = PBXContainerItemProxy;
			containerPortal = 4CD5C71429B7AA3900EAC701 /* Project object */;
			proxyType = 1;
			remoteGlobalIDString = 4CD5C71B29B7AA3900EAC701;
			remoteInfo = "Gaming RL";
		};
/* End PBXContainerItemProxy section */

/* Begin PBXFileReference section */
		4CD5C71C29B7AA3900EAC701 /* Gaming RL.app */ = {isa = PBXFileReference; explicitFileType = wrapper.application; includeInIndex = 0; path = "Gaming RL.app"; sourceTree = BUILT_PRODUCTS_DIR; };
		4CD5C71F29B7AA3900EAC701 /* Gaming_RLApp.swift */ = {isa = PBXFileReference; lastKnownFileType = sourcecode.swift; path = Gaming_RLApp.swift; sourceTree = "<group>"; };
		4CD5C72129B7AA3900EAC701 /* ContentView.swift */ = {isa = PBXFileReference; lastKnownFileType = sourcecode.swift; path = ContentView.swift; sourceTree = "<group>"; };
		4CD5C72329B7AA3A00EAC701 /* Assets.xcassets */ = {isa = PBXFileReference; lastKnownFileType = folder.assetcatalog; path = Assets.xcassets; sourceTree = "<group>"; };
		4CD5C72529B7AA3A00EAC701 /* Gaming_RL.entitlements */ = {isa = PBXFileReference; lastKnownFileType = text.plist.entitlements; path = Gaming_RL.entitlements; sourceTree = "<group>"; };
		4CD5C72729B7AA3A00EAC701 /* Preview Assets.xcassets */ = {isa = PBXFileReference; lastKnownFileType = folder.assetcatalog; path = "Preview Assets.xcassets"; sourceTree = "<group>"; };
		4CD5C72D29B7AA3A00EAC701 /* Gaming RLTests.xctest */ = {isa = PBXFileReference; explicitFileType = wrapper.cfbundle; includeInIndex = 0; path = "Gaming RLTests.xctest"; sourceTree = BUILT_PRODUCTS_DIR; };
		4CD5C73129B7AA3A00EAC701 /* Gaming_RLTests.swift */ = {isa = PBXFileReference; lastKnownFileType = sourcecode.swift; path = Gaming_RLTests.swift; sourceTree = "<group>"; };
		4CD5C73729B7AA3A00EAC701 /* Gaming RLUITests.xctest */ = {isa = PBXFileReference; explicitFileType = wrapper.cfbundle; includeInIndex = 0; path = "Gaming RLUITests.xctest"; sourceTree = BUILT_PRODUCTS_DIR; };
		4CD5C73B29B7AA3A00EAC701 /* Gaming_RLUITests.swift */ = {isa = PBXFileReference; lastKnownFileType = sourcecode.swift; path = Gaming_RLUITests.swift; sourceTree = "<group>"; };
		4CD5C73D29B7AA3A00EAC701 /* Gaming_RLUITestsLaunchTests.swift */ = {isa = PBXFileReference; lastKnownFileType = sourcecode.swift; path = Gaming_RLUITestsLaunchTests.swift; sourceTree = "<group>"; };
/* End PBXFileReference section */

/* Begin PBXFrameworksBuildPhase section */
		4CD5C71929B7AA3900EAC701 /* Frameworks */ = {
			isa = PBXFrameworksBuildPhase;
			buildActionMask = 2147483647;
			files = (
			);
			runOnlyForDeploymentPostprocessing = 0;
		};
		4CD5C72A29B7AA3A00EAC701 /* Frameworks */ = {
			isa = PBXFrameworksBuildPhase;
			buildActionMask = 2147483647;
			files = (
			);
			runOnlyForDeploymentPostprocessing = 0;
		};
		4CD5C73429B7AA3A00EAC701 /* Frameworks */ = {
			isa = PBXFrameworksBuildPhase;
			buildActionMask = 2147483647;
			files = (
			);
			runOnlyForDeploymentPostprocessing = 0;
		};
/* End PBXFrameworksBuildPhase section */

/* Begin PBXGroup section */
		4CD5C71329B7AA3900EAC701 = {
			isa = PBXGroup;
			children = (
				4CD5C71E29B7AA3900EAC701 /* Gaming RL */,
				4CD5C73029B7AA3A00EAC701 /* Gaming RLTests */,
				4CD5C73A29B7AA3A00EAC701 /* Gaming RLUITests */,
				4CD5C71D29B7AA3900EAC701 /* Products */,
			);
			sourceTree = "<group>";
		};
		4CD5C71D29B7AA3900EAC701 /* Products */ = {
			isa = PBXGroup;
			children = (
				4CD5C71C29B7AA3900EAC701 /* Gaming RL.app */,
				4CD5C72D29B7AA3A00EAC701 /* Gaming RLTests.xctest */,
				4CD5C73729B7AA3A00EAC701 /* Gaming RLUITests.xctest */,
			);
			name = Products;
			sourceTree = "<group>";
		};
		4CD5C71E29B7AA3900EAC701 /* Gaming RL */ = {
			isa = PBXGroup;
			children = (
				4CD5C71F29B7AA3900EAC701 /* Gaming_RLApp.swift */,
				4CD5C72129B7AA3900EAC701 /* ContentView.swift */,
				4CD5C72329B7AA3A00EAC701 /* Assets.xcassets */,
				4CD5C72529B7AA3A00EAC701 /* Gaming_RL.entitlements */,
				4CD5C72629B7AA3A00EAC701 /* Preview Content */,
			);
			path = "Gaming RL";
			sourceTree = "<group>";
		};
		4CD5C72629B7AA3A00EAC701 /* Preview Content */ = {
			isa = PBXGroup;
			children = (
				4CD5C72729B7AA3A00EAC701 /* Preview Assets.xcassets */,
			);
			path = "Preview Content";
			sourceTree = "<group>";
		};
		4CD5C73029B7AA3A00EAC701 /* Gaming RLTests */ = {
			isa = PBXGroup;
			children = (
				4CD5C73129B7AA3A00EAC701 /* Gaming_RLTests.swift */,
			);
			path = "Gaming RLTests";
			sourceTree = "<group>";
		};
		4CD5C73A29B7AA3A00EAC701 /* Gaming RLUITests */ = {
			isa = PBXGroup;
			children = (
				4CD5C73B29B7AA3A00EAC701 /* Gaming_RLUITests.swift */,
				4CD5C73D29B7AA3A00EAC701 /* Gaming_RLUITestsLaunchTests.swift */,
			);
			path = "Gaming RLUITests";
			sourceTree = "<group>";
		};
/* End PBXGroup section */

/* Begin PBXNativeTarget section */
		4CD5C71B29B7AA3900EAC701 /* Gaming RL */ = {
			isa = PBXNativeTarget;
			buildConfigurationList = 4CD5C74129B7AA3A00EAC701 /* Build configuration list for PBXNativeTarget "Gaming RL" */;
			buildPhases = (
				4CD5C71829B7AA3900EAC701 /* Sources */,
				4CD5C71929B7AA3900EAC701 /* Frameworks */,
				4CD5C71A29B7AA3900EAC701 /* Resources */,
			);
			buildRules = (
			);
			dependencies = (
			);
			name = "Gaming RL";
			productName = "Gaming RL";
			productReference = 4CD5C71C29B7AA3900EAC701 /* Gaming RL.app */;
			productType = "com.apple.product-type.application";
		};
		4CD5C72C29B7AA3A00EAC701 /* Gaming RLTests */ = {
			isa = PBXNativeTarget;
			buildConfigurationList = 4CD5C74429B7AA3A00EAC701 /* Build configuration list for PBXNativeTarget "Gaming RLTests" */;
			buildPhases = (
				4CD5C72929B7AA3A00EAC701 /* Sources */,
				4CD5C72A29B7AA3A00EAC701 /* Frameworks */,
				4CD5C72B29B7AA3A00EAC701 /* Resources */,
			);
			buildRules = (
			);
			dependencies = (
				4CD5C72F29B7AA3A00EAC701 /* PBXTargetDependency */,
			);
			name = "Gaming RLTests";
			productName = "Gaming RLTests";
			productReference = 4CD5C72D29B7AA3A00EAC701 /* Gaming RLTests.xctest */;
			productType = "com.apple.product-type.bundle.unit-test";
		};
		4CD5C73629B7AA3A00EAC701 /* Gaming RLUITests */ = {
			isa = PBXNativeTarget;
			buildConfigurationList = 4CD5C74729B7AA3A00EAC701 /* Build configuration list for PBXNativeTarget "Gaming RLUITests" */;
			buildPhases = (
				4CD5C73329B7AA3A00EAC701 /* Sources */,
				4CD5C73429B7AA3A00EAC701 /* Frameworks */,
				4CD5C73529B7AA3A00EAC701 /* Resources */,
			);
			buildRules = (
			);
			dependencies = (
				4CD5C73929B7AA3A00EAC701 /* PBXTargetDependency */,
			);
			name = "Gaming RLUITests";
			productName = "Gaming RLUITests";
			productReference = 4CD5C73729B7AA3A00EAC701 /* Gaming RLUITests.xctest */;
			productType = "com.apple.product-type.bundle.ui-testing";
		};
/* End PBXNativeTarget section */

/* Begin PBXProject section */
		4CD5C71429B7AA3900EAC701 /* Project object */ = {
			isa = PBXProject;
			attributes = {
				BuildIndependentTargetsInParallel = 1;
				LastSwiftUpdateCheck = 1420;
				LastUpgradeCheck = 1420;
				TargetAttributes = {
					4CD5C71B29B7AA3900EAC701 = {
						CreatedOnToolsVersion = 14.2;
					};
					4CD5C72C29B7AA3A00EAC701 = {
						CreatedOnToolsVersion = 14.2;
						TestTargetID = 4CD5C71B29B7AA3900EAC701;
					};
					4CD5C73629B7AA3A00EAC701 = {
						CreatedOnToolsVersion = 14.2;
						TestTargetID = 4CD5C71B29B7AA3900EAC701;
					};
				};
			};
			buildConfigurationList = 4CD5C71729B7AA3900EAC701 /* Build configuration list for PBXProject "Gaming RL" */;
			compatibilityVersion = "Xcode 14.0";
			developmentRegion = en;
			hasScannedForEncodings = 0;
			knownRegions = (
				en,
				Base,
			);
			mainGroup = 4CD5C71329B7AA3900EAC701;
			productRefGroup = 4CD5C71D29B7AA3900EAC701 /* Products */;
			projectDirPath = "";
			projectRoot = "";
			targets = (
				4CD5C71B29B7AA3900EAC701 /* Gaming RL */,
				4CD5C72C29B7AA3A00EAC701 /* Gaming RLTests */,
				4CD5C73629B7AA3A00EAC701 /* Gaming RLUITests */,
			);
		};
/* End PBXProject section */

/* Begin PBXResourcesBuildPhase section */
		4CD5C71A29B7AA3900EAC701 /* Resources */ = {
			isa = PBXResourcesBuildPhase;
			buildActionMask = 2147483647;
			files = (
				4CD5C72829B7AA3A00EAC701 /* Preview Assets.xcassets in Resources */,
				4CD5C72429B7AA3A00EAC701 /* Assets.xcassets in Resources */,
			);
			runOnlyForDeploymentPostprocessing = 0;
		};
		4CD5C72B29B7AA3A00EAC701 /* Resources */ = {
			isa = PBXResourcesBuildPhase;
			buildActionMask = 2147483647;
			files = (
			);
			runOnlyForDeploymentPostprocessing = 0;
		};
		4CD5C73529B7AA3A00EAC701 /* Resources */ = {
			isa = PBXResourcesBuildPhase;
			buildActionMask = 2147483647;
			files = (
			);
			runOnlyForDeploymentPostprocessing = 0;
		};
/* End PBXResourcesBuildPhase section */

/* Begin PBXSourcesBuildPhase section */
		4CD5C71829B7AA3900EAC701 /* Sources */ = {
			isa = PBXSourcesBuildPhase;
			buildActionMask = 2147483647;
			files = (
				4CD5C72229B7AA3900EAC701 /* ContentView.swift in Sources */,
				4CD5C72029B7AA3900EAC701 /* Gaming_RLApp.swift in Sources */,
			);
			runOnlyForDeploymentPostprocessing = 0;
		};
		4CD5C72929B7AA3A00EAC701 /* Sources */ = {
			isa = PBXSourcesBuildPhase;
			buildActionMask = 2147483647;
			files = (
				4CD5C73229B7AA3A00EAC701 /* Gaming_RLTests.swift in Sources */,
			);
			runOnlyForDeploymentPostprocessing = 0;
		};
		4CD5C73329B7AA3A00EAC701 /* Sources */ = {
			isa = PBXSourcesBuildPhase;
			buildActionMask = 2147483647;
			files = (
				4CD5C73C29B7AA3A00EAC701 /* Gaming_RLUITests.swift in Sources */,
				4CD5C73E29B7AA3A00EAC701 /* Gaming_RLUITestsLaunchTests.swift in Sources */,
			);
			runOnlyForDeploymentPostprocessing = 0;
		};
/* End PBXSourcesBuildPhase section */

/* Begin PBXTargetDependency section */
		4CD5C72F29B7AA3A00EAC701 /* PBXTargetDependency */ = {
			isa = PBXTargetDependency;
			target = 4CD5C71B29B7AA3900EAC701 /* Gaming RL */;
			targetProxy = 4CD5C72E29B7AA3A00EAC701 /* PBXContainerItemProxy */;
		};
		4CD5C73929B7AA3A00EAC701 /* PBXTargetDependency */ = {
			isa = PBXTargetDependency;
			target = 4CD5C71B29B7AA3900EAC701 /* Gaming RL */;
			targetProxy = 4CD5C73829B7AA3A00EAC701 /* PBXContainerItemProxy */;
		};
/* End PBXTargetDependency section */

/* Begin XCBuildConfiguration section */
		4CD5C73F29B7AA3A00EAC701 /* Debug */ = {
			isa = XCBuildConfiguration;
			buildSettings = {
				ALWAYS_SEARCH_USER_PATHS = NO;
				CLANG_ANALYZER_NONNULL = YES;
				CLANG_ANALYZER_NUMBER_OBJECT_CONVERSION = YES_AGGRESSIVE;
				CLANG_CXX_LANGUAGE_STANDARD = "gnu++20";
				CLANG_ENABLE_MODULES = YES;
				CLANG_ENABLE_OBJC_ARC = YES;
				CLANG_ENABLE_OBJC_WEAK = YES;
				CLANG_WARN_BLOCK_CAPTURE_AUTORELEASING = YES;
				CLANG_WARN_BOOL_CONVERSION = YES;
				CLANG_WARN_COMMA = YES;
				CLANG_WARN_CONSTANT_CONVERSION = YES;
				CLANG_WARN_DEPRECATED_OBJC_IMPLEMENTATIONS = YES;
				CLANG_WARN_DIRECT_OBJC_ISA_USAGE = YES_ERROR;
				CLANG_WARN_DOCUMENTATION_COMMENTS = YES;
				CLANG_WARN_EMPTY_BODY = YES;
				CLANG_WARN_ENUM_CONVERSION = YES;
				CLANG_WARN_INFINITE_RECURSION = YES;
				CLANG_WARN_INT_CONVERSION = YES;
				CLANG_WARN_NON_LITERAL_NULL_CONVERSION = YES;
				CLANG_WARN_OBJC_IMPLICIT_RETAIN_SELF = YES;
				CLANG_WARN_OBJC_LITERAL_CONVERSION = YES;
				CLANG_WARN_OBJC_ROOT_CLASS = YES_ERROR;
				CLANG_WARN_QUOTED_INCLUDE_IN_FRAMEWORK_HEADER = YES;
				CLANG_WARN_RANGE_LOOP_ANALYSIS = YES;
				CLANG_WARN_STRICT_PROTOTYPES = YES;
				CLANG_WARN_SUSPICIOUS_MOVE = YES;
				CLANG_WARN_UNGUARDED_AVAILABILITY = YES_AGGRESSIVE;
				CLANG_WARN_UNREACHABLE_CODE = YES;
				CLANG_WARN__DUPLICATE_METHOD_MATCH = YES;
				COPY_PHASE_STRIP = NO;
				DEBUG_INFORMATION_FORMAT = dwarf;
				ENABLE_STRICT_OBJC_MSGSEND = YES;
				ENABLE_TESTABILITY = YES;
				GCC_C_LANGUAGE_STANDARD = gnu11;
				GCC_DYNAMIC_NO_PIC = NO;
				GCC_NO_COMMON_BLOCKS = YES;
				GCC_OPTIMIZATION_LEVEL = 0;
				GCC_PREPROCESSOR_DEFINITIONS = (
					"DEBUG=1",
					"$(inherited)",
				);
				GCC_WARN_64_TO_32_BIT_CONVERSION = YES;
				GCC_WARN_ABOUT_RETURN_TYPE = YES_ERROR;
				GCC_WARN_UNDECLARED_SELECTOR = YES;
				GCC_WARN_UNINITIALIZED_AUTOS = YES_AGGRESSIVE;
				GCC_WARN_UNUSED_FUNCTION = YES;
				GCC_WARN_UNUSED_VARIABLE = YES;
				MTL_ENABLE_DEBUG_INFO = INCLUDE_SOURCE;
				MTL_FAST_MATH = YES;
				ONLY_ACTIVE_ARCH = YES;
				SWIFT_ACTIVE_COMPILATION_CONDITIONS = DEBUG;
				SWIFT_OPTIMIZATION_LEVEL = "-Onone";
			};
			name = Debug;
		};
		4CD5C74029B7AA3A00EAC701 /* Release */ = {
			isa = XCBuildConfiguration;
			buildSettings = {
				ALWAYS_SEARCH_USER_PATHS = NO;
				CLANG_ANALYZER_NONNULL = YES;
				CLANG_ANALYZER_NUMBER_OBJECT_CONVERSION = YES_AGGRESSIVE;
				CLANG_CXX_LANGUAGE_STANDARD = "gnu++20";
				CLANG_ENABLE_MODULES = YES;
				CLANG_ENABLE_OBJC_ARC = YES;
				CLANG_ENABLE_OBJC_WEAK = YES;
				CLANG_WARN_BLOCK_CAPTURE_AUTORELEASING = YES;
				CLANG_WARN_BOOL_CONVERSION = YES;
				CLANG_WARN_COMMA = YES;
				CLANG_WARN_CONSTANT_CONVERSION = YES;
				CLANG_WARN_DEPRECATED_OBJC_IMPLEMENTATIONS = YES;
				CLANG_WARN_DIRECT_OBJC_ISA_USAGE = YES_ERROR;
				CLANG_WARN_DOCUMENTATION_COMMENTS = YES;
				CLANG_WARN_EMPTY_BODY = YES;
				CLANG_WARN_ENUM_CONVERSION = YES;
				CLANG_WARN_INFINITE_RECURSION = YES;
				CLANG_WARN_INT_CONVERSION = YES;
				CLANG_WARN_NON_LITERAL_NULL_CONVERSION = YES;
				CLANG_WARN_OBJC_IMPLICIT_RETAIN_SELF = YES;
				CLANG_WARN_OBJC_LITERAL_CONVERSION = YES;
				CLANG_WARN_OBJC_ROOT_CLASS = YES_ERROR;
				CLANG_WARN_QUOTED_INCLUDE_IN_FRAMEWORK_HEADER = YES;
				CLANG_WARN_RANGE_LOOP_ANALYSIS = YES;
				CLANG_WARN_STRICT_PROTOTYPES = YES;
				CLANG_WARN_SUSPICIOUS_MOVE = YES;
				CLANG_WARN_UNGUARDED_AVAILABILITY = YES_AGGRESSIVE;
				CLANG_WARN_UNREACHABLE_CODE = YES;
				CLANG_WARN__DUPLICATE_METHOD_MATCH = YES;
				COPY_PHASE_STRIP = NO;
				DEBUG_INFORMATION_FORMAT = "dwarf-with-dsym";
				ENABLE_NS_ASSERTIONS = NO;
				ENABLE_STRICT_OBJC_MSGSEND = YES;
				GCC_C_LANGUAGE_STANDARD = gnu11;
				GCC_NO_COMMON_BLOCKS = YES;
				GCC_WARN_64_TO_32_BIT_CONVERSION = YES;
				GCC_WARN_ABOUT_RETURN_TYPE = YES_ERROR;
				GCC_WARN_UNDECLARED_SELECTOR = YES;
				GCC_WARN_UNINITIALIZED_AUTOS = YES_AGGRESSIVE;
				GCC_WARN_UNUSED_FUNCTION = YES;
				GCC_WARN_UNUSED_VARIABLE = YES;
				MTL_ENABLE_DEBUG_INFO = NO;
				MTL_FAST_MATH = YES;
				SWIFT_COMPILATION_MODE = wholemodule;
				SWIFT_OPTIMIZATION_LEVEL = "-O";
			};
			name = Release;
		};
		4CD5C74229B7AA3A00EAC701 /* Debug */ = {
			isa = XCBuildConfiguration;
			buildSettings = {
				ASSETCATALOG_COMPILER_APPICON_NAME = AppIcon;
				ASSETCATALOG_COMPILER_GLOBAL_ACCENT_COLOR_NAME = AccentColor;
				CODE_SIGN_ENTITLEMENTS = "Gaming RL/Gaming_RL.entitlements";
				CODE_SIGN_STYLE = Automatic;
				CURRENT_PROJECT_VERSION = 1;
				DEVELOPMENT_ASSET_PATHS = "\"Gaming RL/Preview Content\"";
				DEVELOPMENT_TEAM = XN3H8L2GRB;
				ENABLE_HARDENED_RUNTIME = YES;
				ENABLE_PREVIEWS = YES;
				GENERATE_INFOPLIST_FILE = YES;
				"INFOPLIST_KEY_UIApplicationSceneManifest_Generation[sdk=iphoneos*]" = YES;
				"INFOPLIST_KEY_UIApplicationSceneManifest_Generation[sdk=iphonesimulator*]" = YES;
				"INFOPLIST_KEY_UIApplicationSupportsIndirectInputEvents[sdk=iphoneos*]" = YES;
				"INFOPLIST_KEY_UIApplicationSupportsIndirectInputEvents[sdk=iphonesimulator*]" = YES;
				"INFOPLIST_KEY_UILaunchScreen_Generation[sdk=iphoneos*]" = YES;
				"INFOPLIST_KEY_UILaunchScreen_Generation[sdk=iphonesimulator*]" = YES;
				"INFOPLIST_KEY_UIStatusBarStyle[sdk=iphoneos*]" = UIStatusBarStyleDefault;
				"INFOPLIST_KEY_UIStatusBarStyle[sdk=iphonesimulator*]" = UIStatusBarStyleDefault;
				INFOPLIST_KEY_UISupportedInterfaceOrientations_iPad = "UIInterfaceOrientationPortrait UIInterfaceOrientationPortraitUpsideDown UIInterfaceOrientationLandscapeLeft UIInterfaceOrientationLandscapeRight";
				INFOPLIST_KEY_UISupportedInterfaceOrientations_iPhone = "UIInterfaceOrientationPortrait UIInterfaceOrientationLandscapeLeft UIInterfaceOrientationLandscapeRight";
				IPHONEOS_DEPLOYMENT_TARGET = 16.2;
				LD_RUNPATH_SEARCH_PATHS = "@executable_path/Frameworks";
				"LD_RUNPATH_SEARCH_PATHS[sdk=macosx*]" = "@executable_path/../Frameworks";
				MACOSX_DEPLOYMENT_TARGET = 13.1;
				MARKETING_VERSION = 1.0;
				PRODUCT_BUNDLE_IDENTIFIER = "IRL-Gaming.Gaming-RL";
				PRODUCT_NAME = "$(TARGET_NAME)";
				SDKROOT = auto;
				SUPPORTED_PLATFORMS = "iphoneos iphonesimulator macosx";
				SWIFT_EMIT_LOC_STRINGS = YES;
				SWIFT_VERSION = 5.0;
				TARGETED_DEVICE_FAMILY = "1,2";
			};
			name = Debug;
		};
		4CD5C74329B7AA3A00EAC701 /* Release */ = {
			isa = XCBuildConfiguration;
			buildSettings = {
				ASSETCATALOG_COMPILER_APPICON_NAME = AppIcon;
				ASSETCATALOG_COMPILER_GLOBAL_ACCENT_COLOR_NAME = AccentColor;
				CODE_SIGN_ENTITLEMENTS = "Gaming RL/Gaming_RL.entitlements";
				CODE_SIGN_STYLE = Automatic;
				CURRENT_PROJECT_VERSION = 1;
				DEVELOPMENT_ASSET_PATHS = "\"Gaming RL/Preview Content\"";
				DEVELOPMENT_TEAM = XN3H8L2GRB;
				ENABLE_HARDENED_RUNTIME = YES;
				ENABLE_PREVIEWS = YES;
				GENERATE_INFOPLIST_FILE = YES;
				"INFOPLIST_KEY_UIApplicationSceneManifest_Generation[sdk=iphoneos*]" = YES;
				"INFOPLIST_KEY_UIApplicationSceneManifest_Generation[sdk=iphonesimulator*]" = YES;
				"INFOPLIST_KEY_UIApplicationSupportsIndirectInputEvents[sdk=iphoneos*]" = YES;
				"INFOPLIST_KEY_UIApplicationSupportsIndirectInputEvents[sdk=iphonesimulator*]" = YES;
				"INFOPLIST_KEY_UILaunchScreen_Generation[sdk=iphoneos*]" = YES;
				"INFOPLIST_KEY_UILaunchScreen_Generation[sdk=iphonesimulator*]" = YES;
				"INFOPLIST_KEY_UIStatusBarStyle[sdk=iphoneos*]" = UIStatusBarStyleDefault;
				"INFOPLIST_KEY_UIStatusBarStyle[sdk=iphonesimulator*]" = UIStatusBarStyleDefault;
				INFOPLIST_KEY_UISupportedInterfaceOrientations_iPad = "UIInterfaceOrientationPortrait UIInterfaceOrientationPortraitUpsideDown UIInterfaceOrientationLandscapeLeft UIInterfaceOrientationLandscapeRight";
				INFOPLIST_KEY_UISupportedInterfaceOrientations_iPhone = "UIInterfaceOrientationPortrait UIInterfaceOrientationLandscapeLeft UIInterfaceOrientationLandscapeRight";
				IPHONEOS_DEPLOYMENT_TARGET = 16.2;
				LD_RUNPATH_SEARCH_PATHS = "@executable_path/Frameworks";
				"LD_RUNPATH_SEARCH_PATHS[sdk=macosx*]" = "@executable_path/../Frameworks";
				MACOSX_DEPLOYMENT_TARGET = 13.1;
				MARKETING_VERSION = 1.0;
				PRODUCT_BUNDLE_IDENTIFIER = "IRL-Gaming.Gaming-RL";
				PRODUCT_NAME = "$(TARGET_NAME)";
				SDKROOT = auto;
				SUPPORTED_PLATFORMS = "iphoneos iphonesimulator macosx";
				SWIFT_EMIT_LOC_STRINGS = YES;
				SWIFT_VERSION = 5.0;
				TARGETED_DEVICE_FAMILY = "1,2";
			};
			name = Release;
		};
		4CD5C74529B7AA3A00EAC701 /* Debug */ = {
			isa = XCBuildConfiguration;
			buildSettings = {
				ALWAYS_EMBED_SWIFT_STANDARD_LIBRARIES = YES;
				BUNDLE_LOADER = "$(TEST_HOST)";
				CODE_SIGN_STYLE = Automatic;
				CURRENT_PROJECT_VERSION = 1;
				DEVELOPMENT_TEAM = XN3H8L2GRB;
				GENERATE_INFOPLIST_FILE = YES;
				IPHONEOS_DEPLOYMENT_TARGET = 16.2;
				MACOSX_DEPLOYMENT_TARGET = 13.1;
				MARKETING_VERSION = 1.0;
				PRODUCT_BUNDLE_IDENTIFIER = "IRL-Gaming.Gaming-RLTests";
				PRODUCT_NAME = "$(TARGET_NAME)";
				SDKROOT = auto;
				SUPPORTED_PLATFORMS = "iphoneos iphonesimulator macosx";
				SWIFT_EMIT_LOC_STRINGS = NO;
				SWIFT_VERSION = 5.0;
				TARGETED_DEVICE_FAMILY = "1,2";
				TEST_HOST = "$(BUILT_PRODUCTS_DIR)/Gaming RL.app/$(BUNDLE_EXECUTABLE_FOLDER_PATH)/Gaming RL";
			};
			name = Debug;
		};
		4CD5C74629B7AA3A00EAC701 /* Release */ = {
			isa = XCBuildConfiguration;
			buildSettings = {
				ALWAYS_EMBED_SWIFT_STANDARD_LIBRARIES = YES;
				BUNDLE_LOADER = "$(TEST_HOST)";
				CODE_SIGN_STYLE = Automatic;
				CURRENT_PROJECT_VERSION = 1;
				DEVELOPMENT_TEAM = XN3H8L2GRB;
				GENERATE_INFOPLIST_FILE = YES;
				IPHONEOS_DEPLOYMENT_TARGET = 16.2;
				MACOSX_DEPLOYMENT_TARGET = 13.1;
				MARKETING_VERSION = 1.0;
				PRODUCT_BUNDLE_IDENTIFIER = "IRL-Gaming.Gaming-RLTests";
				PRODUCT_NAME = "$(TARGET_NAME)";
				SDKROOT = auto;
				SUPPORTED_PLATFORMS = "iphoneos iphonesimulator macosx";
				SWIFT_EMIT_LOC_STRINGS = NO;
				SWIFT_VERSION = 5.0;
				TARGETED_DEVICE_FAMILY = "1,2";
				TEST_HOST = "$(BUILT_PRODUCTS_DIR)/Gaming RL.app/$(BUNDLE_EXECUTABLE_FOLDER_PATH)/Gaming RL";
			};
			name = Release;
		};
		4CD5C74829B7AA3A00EAC701 /* Debug */ = {
			isa = XCBuildConfiguration;
			buildSettings = {
				ALWAYS_EMBED_SWIFT_STANDARD_LIBRARIES = YES;
				CODE_SIGN_STYLE = Automatic;
				CURRENT_PROJECT_VERSION = 1;
				DEVELOPMENT_TEAM = XN3H8L2GRB;
				GENERATE_INFOPLIST_FILE = YES;
				IPHONEOS_DEPLOYMENT_TARGET = 16.2;
				MACOSX_DEPLOYMENT_TARGET = 13.1;
				MARKETING_VERSION = 1.0;
				PRODUCT_BUNDLE_IDENTIFIER = "IRL-Gaming.Gaming-RLUITests";
				PRODUCT_NAME = "$(TARGET_NAME)";
				SDKROOT = auto;
				SUPPORTED_PLATFORMS = "iphoneos iphonesimulator macosx";
				SWIFT_EMIT_LOC_STRINGS = NO;
				SWIFT_VERSION = 5.0;
				TARGETED_DEVICE_FAMILY = "1,2";
				TEST_TARGET_NAME = "Gaming RL";
			};
			name = Debug;
		};
		4CD5C74929B7AA3A00EAC701 /* Release */ = {
			isa = XCBuildConfiguration;
			buildSettings = {
				ALWAYS_EMBED_SWIFT_STANDARD_LIBRARIES = YES;
				CODE_SIGN_STYLE = Automatic;
				CURRENT_PROJECT_VERSION = 1;
				DEVELOPMENT_TEAM = XN3H8L2GRB;
				GENERATE_INFOPLIST_FILE = YES;
				IPHONEOS_DEPLOYMENT_TARGET = 16.2;
				MACOSX_DEPLOYMENT_TARGET = 13.1;
				MARKETING_VERSION = 1.0;
				PRODUCT_BUNDLE_IDENTIFIER = "IRL-Gaming.Gaming-RLUITests";
				PRODUCT_NAME = "$(TARGET_NAME)";
				SDKROOT = auto;
				SUPPORTED_PLATFORMS = "iphoneos iphonesimulator macosx";
				SWIFT_EMIT_LOC_STRINGS = NO;
				SWIFT_VERSION = 5.0;
				TARGETED_DEVICE_FAMILY = "1,2";
				TEST_TARGET_NAME = "Gaming RL";
			};
			name = Release;
		};
/* End XCBuildConfiguration section */

/* Begin XCConfigurationList section */
		4CD5C71729B7AA3900EAC701 /* Build configuration list for PBXProject "Gaming RL" */ = {
			isa = XCConfigurationList;
			buildConfigurations = (
				4CD5C73F29B7AA3A00EAC701 /* Debug */,
				4CD5C74029B7AA3A00EAC701 /* Release */,
			);
			defaultConfigurationIsVisible = 0;
			defaultConfigurationName = Release;
		};
		4CD5C74129B7AA3A00EAC701 /* Build configuration list for PBXNativeTarget "Gaming RL" */ = {
			isa = XCConfigurationList;
			buildConfigurations = (
				4CD5C74229B7AA3A00EAC701 /* Debug */,
				4CD5C74329B7AA3A00EAC701 /* Release */,
			);
			defaultConfigurationIsVisible = 0;
			defaultConfigurationName = Release;
		};
		4CD5C74429B7AA3A00EAC701 /* Build configuration list for PBXNativeTarget "Gaming RLTests" */ = {
			isa = XCConfigurationList;
			buildConfigurations = (
				4CD5C74529B7AA3A00EAC701 /* Debug */,
				4CD5C74629B7AA3A00EAC701 /* Release */,
			);
			defaultConfigurationIsVisible = 0;
			defaultConfigurationName = Release;
		};
		4CD5C74729B7AA3A00EAC701 /* Build configuration list for PBXNativeTarget "Gaming RLUITests" */ = {
			isa = XCConfigurationList;
			buildConfigurations = (
				4CD5C74829B7AA3A00EAC701 /* Debug */,
				4CD5C74929B7AA3A00EAC701 /* Release */,
			);
			defaultConfigurationIsVisible = 0;
			defaultConfigurationName = Release;
		};
/* End XCConfigurationList section */
	};
	rootObject = 4CD5C71429B7AA3900EAC701 /* Project object */;
}
